
Microsoft Visual Studio Solution File, Format Version 12.00
# Visual Studio Version 17
VisualStudioVersion = 17.9.34607.119
MinimumVisualStudioVersion = 10.0.40219.1
Project("{9A19103F-16F7-4668-BE54-9A1E7A4F7556}") = "MealOrdering.Client", "MealOrdering.Client\MealOrdering.Client.csproj", "{F856E95F-DFC6-40A0-A55E-F76C715B59B3}"
EndProject
Project("{9A19103F-16F7-4668-BE54-9A1E7A4F7556}") = "MealOrdering.API", "MealOrdering.API\MealOrdering.API.csproj", "{9DAC9642-018F-4E52-AAEF-480DA816E14C}"
EndProject
Global
	GlobalSection(SolutionConfigurationPlatforms) = preSolution
		Debug|Any CPU = Debug|Any CPU
		Release|Any CPU = Release|Any CPU
	EndGlobalSection
	GlobalSection(ProjectConfigurationPlatforms) = postSolution
		{F856E95F-DFC6-40A0-A55E-F76C715B59B3}.Debug|Any CPU.ActiveCfg = Debug|Any CPU
		{F856E95F-DFC6-40A0-A55E-F76C715B59B3}.Debug|Any CPU.Build.0 = Debug|Any CPU
		{F856E95F-DFC6-40A0-A55E-F76C715B59B3}.Release|Any CPU.ActiveCfg = Release|Any CPU
		{F856E95F-DFC6-40A0-A55E-F76C715B59B3}.Release|Any CPU.Build.0 = Release|Any CPU
		{9DAC9642-018F-4E52-AAEF-480DA816E14C}.Debug|Any CPU.ActiveCfg = Debug|Any CPU
		{9DAC9642-018F-4E52-AAEF-480DA816E14C}.Debug|Any CPU.Build.0 = Debug|Any CPU
		{9DAC9642-018F-4E52-AAEF-480DA816E14C}.Release|Any CPU.ActiveCfg = Release|Any CPU
		{9DAC9642-018F-4E52-AAEF-480DA816E14C}.Release|Any CPU.Build.0 = Release|Any CPU
	EndGlobalSection
	GlobalSection(SolutionProperties) = preSolution
		HideSolutionNode = FALSE
	EndGlobalSection
	GlobalSection(ExtensibilityGlobals) = postSolution
		SolutionGuid = {1E446D65-8E55-4CFC-AD38-42B2CB61D172}
	EndGlobalSection
EndGlobal
